// !$*UTF8*$!
{
	archiveVersion = 1;
	classes = {
	};
	objectVersion = 77;
	objects = {

/* Begin PBXContainerItemProxy section */
		C4F707782EF0B65900AA5C45 /* PBXContainerItemProxy */ = {
			isa = PBXContainerItemProxy;
			containerPortal = C4F707622EF0B65700AA5C45 /* Project object */;
			proxyType = 1;
			remoteGlobalIDString = C4F707692EF0B65700AA5C45;
			remoteInfo = ainotebook;
		};
		C4F707822EF0B65900AA5C45 /* PBXContainerItemProxy */ = {
			isa = PBXContainerItemProxy;
			containerPortal = C4F707622EF0B65700AA5C45 /* Project object */;
			proxyType = 1;
			remoteGlobalIDString = C4F707692EF0B65700AA5C45;
			remoteInfo = ainotebook;
		};
/* End PBXContainerItemProxy section */

/* Begin PBXFileReference section */
		C46664A92F0200F200ADD22F /* ainotebook.xcodeproj */ = {isa = PBXFileReference; lastKnownFileType = "wrapper.pb-project"; path = ainotebook.xcodeproj; sourceTree = "<group>"; };
		C47FD3BF2EF0F44B0034109C /* ainotebook.xcodeproj */ = {isa = PBXFileReference; lastKnownFileType = "wrapper.pb-project"; path = ainotebook.xcodeproj; sourceTree = "<group>"; };
		C47FD4412EF8E4350034109C /* ainotebook.xcodeproj */ = {isa = PBXFileReference; lastKnownFileType = "wrapper.pb-project"; path = ainotebook.xcodeproj; sourceTree = "<group>"; };
		C47FD8092EFBA9630034109C /* ainotebook.xcodeproj */ = {isa = PBXFileReference; lastKnownFileType = "wrapper.pb-project"; path = ainotebook.xcodeproj; sourceTree = "<group>"; };
		C4F7076A2EF0B65700AA5C45 /* ainotebook.app */ = {isa = PBXFileReference; explicitFileType = wrapper.application; includeInIndex = 0; path = ainotebook.app; sourceTree = BUILT_PRODUCTS_DIR; };
		C4F707772EF0B65900AA5C45 /* ainotebookTests.xctest */ = {isa = PBXFileReference; explicitFileType = wrapper.cfbundle; includeInIndex = 0; path = ainotebookTests.xctest; sourceTree = BUILT_PRODUCTS_DIR; };
		C4F707812EF0B65900AA5C45 /* ainotebookUITests.xctest */ = {isa = PBXFileReference; explicitFileType = wrapper.cfbundle; includeInIndex = 0; path = ainotebookUITests.xctest; sourceTree = BUILT_PRODUCTS_DIR; };
/* End PBXFileReference section */

/* Begin PBXFileSystemSynchronizedRootGroup section */
		C4F7076C2EF0B65700AA5C45 /* ainotebook */ = {
			isa = PBXFileSystemSynchronizedRootGroup;
			path = ainotebook;
			sourceTree = "<group>";
		};
		C4F7077A2EF0B65900AA5C45 /* ainotebookTests */ = {
			isa = PBXFileSystemSynchronizedRootGroup;
			path = ainotebookTests;
			sourceTree = "<group>";
		};
		C4F707842EF0B65900AA5C45 /* ainotebookUITests */ = {
			isa = PBXFileSystemSynchronizedRootGroup;
			path = ainotebookUITests;
			sourceTree = "<group>";
		};
/* End PBXFileSystemSynchronizedRootGroup section */

/* Begin PBXFrameworksBuildPhase section */
		C4F707672EF0B65700AA5C45 /* Frameworks */ = {
			isa = PBXFrameworksBuildPhase;
			buildActionMask = 2147483647;
			files = (
			);
			runOnlyForDeploymentPostprocessing = 0;
		};
		C4F707742EF0B65900AA5C45 /* Frameworks */ = {
			isa = PBXFrameworksBuildPhase;
			buildActionMask = 2147483647;
			files = (
			);
			runOnlyForDeploymentPostprocessing = 0;
		};
		C4F7077E2EF0B65900AA5C45 /* Frameworks */ = {
			isa = PBXFrameworksBuildPhase;
			buildActionMask = 2147483647;
			files = (
			);
			runOnlyForDeploymentPostprocessing = 0;
		};
/* End PBXFrameworksBuildPhase section */

/* Begin PBXGroup section */
		C46664BB2F0200F200ADD22F /* Products */ = {
			isa = PBXGroup;
			children = (
			);
			name = Products;
			sourceTree = "<group>";
		};
		C47FD3C72EF0F44B0034109C /* Products */ = {
			isa = PBXGroup;
			children = (
			);
			name = Products;
			sourceTree = "<group>";
		};
		C47FD4502EF8E4350034109C /* Products */ = {
			isa = PBXGroup;
			children = (
			);
			name = Products;
			sourceTree = "<group>";
		};
		C47FD81B2EFBA9630034109C /* Products */ = {
			isa = PBXGroup;
			children = (
			);
			name = Products;
			sourceTree = "<group>";
		};
		C4F707612EF0B65700AA5C45 = {
			isa = PBXGroup;
			children = (
				C4F7076C2EF0B65700AA5C45 /* ainotebook */,
				C4F7077A2EF0B65900AA5C45 /* ainotebookTests */,
				C4F707842EF0B65900AA5C45 /* ainotebookUITests */,
				C4F7076B2EF0B65700AA5C45 /* Products */,
			);
			sourceTree = "<group>";
		};
		C4F7076B2EF0B65700AA5C45 /* Products */ = {
			isa = PBXGroup;
			children = (
				C4F7076A2EF0B65700AA5C45 /* ainotebook.app */,
				C4F707772EF0B65900AA5C45 /* ainotebookTests.xctest */,
				C4F707812EF0B65900AA5C45 /* ainotebookUITests.xctest */,
			);
			name = Products;
			sourceTree = "<group>";
		};
/* End PBXGroup section */

/* Begin PBXNativeTarget section */
		C4F707692EF0B65700AA5C45 /* ainotebook */ = {
			isa = PBXNativeTarget;
			buildConfigurationList = C4F7078B2EF0B65900AA5C45 /* Build configuration list for PBXNativeTarget "ainotebook" */;
			buildPhases = (
				C4F707662EF0B65700AA5C45 /* Sources */,
				C4F707672EF0B65700AA5C45 /* Frameworks */,
				C4F707682EF0B65700AA5C45 /* Resources */,
			);
			buildRules = (
			);
			dependencies = (
			);
			fileSystemSynchronizedGroups = (
				C4F7076C2EF0B65700AA5C45 /* ainotebook */,
			);
			name = ainotebook;
			packageProductDependencies = (
			);
			productName = ainotebook;
			productReference = C4F7076A2EF0B65700AA5C45 /* ainotebook.app */;
			productType = "com.apple.product-type.application";
		};
		C4F707762EF0B65900AA5C45 /* ainotebookTests */ = {
			isa = PBXNativeTarget;
			buildConfigurationList = C4F7078E2EF0B65900AA5C45 /* Build configuration list for PBXNativeTarget "ainotebookTests" */;
			buildPhases = (
				C4F707732EF0B65900AA5C45 /* Sources */,
				C4F707742EF0B65900AA5C45 /* Frameworks */,
				C4F707752EF0B65900AA5C45 /* Resources */,
			);
			buildRules = (
			);
			dependencies = (
				C4F707792EF0B65900AA5C45 /* PBXTargetDependency */,
			);
			fileSystemSynchronizedGroups = (
				C4F7077A2EF0B65900AA5C45 /* ainotebookTests */,
			);
			name = ainotebookTests;
			packageProductDependencies = (
			);
			productName = ainotebookTests;
			productReference = C4F707772EF0B65900AA5C45 /* ainotebookTests.xctest */;
			productType = "com.apple.product-type.bundle.unit-test";
		};
		C4F707802EF0B65900AA5C45 /* ainotebookUITests */ = {
			isa = PBXNativeTarget;
			buildConfigurationList = C4F707912EF0B65900AA5C45 /* Build configuration list for PBXNativeTarget "ainotebookUITests" */;
			buildPhases = (
				C4F7077D2EF0B65900AA5C45 /* Sources */,
				C4F7077E2EF0B65900AA5C45 /* Frameworks */,
				C4F7077F2EF0B65900AA5C45 /* Resources */,
			);
			buildRules = (
			);
			dependencies = (
				C4F707832EF0B65900AA5C45 /* PBXTargetDependency */,
			);
			fileSystemSynchronizedGroups = (
				C4F707842EF0B65900AA5C45 /* ainotebookUITests */,
			);
			name = ainotebookUITests;
			packageProductDependencies = (
			);
			productName = ainotebookUITests;
			productReference = C4F707812EF0B65900AA5C45 /* ainotebookUITests.xctest */;
			productType = "com.apple.product-type.bundle.ui-testing";
		};
/* End PBXNativeTarget section */

/* Begin PBXProject section */
		C4F707622EF0B65700AA5C45 /* Project object */ = {
			isa = PBXProject;
			attributes = {
				BuildIndependentTargetsInParallel = 1;
				LastSwiftUpdateCheck = 1640;
				LastUpgradeCheck = 1640;
				TargetAttributes = {
					C4F707692EF0B65700AA5C45 = {
						CreatedOnToolsVersion = 16.4;
					};
					C4F707762EF0B65900AA5C45 = {
						CreatedOnToolsVersion = 16.4;
						TestTargetID = C4F707692EF0B65700AA5C45;
					};
					C4F707802EF0B65900AA5C45 = {
						CreatedOnToolsVersion = 16.4;
						TestTargetID = C4F707692EF0B65700AA5C45;
					};
				};
			};
			buildConfigurationList = C4F707652EF0B65700AA5C45 /* Build configuration list for PBXProject "ainotebook" */;
			developmentRegion = en;
			hasScannedForEncodings = 0;
			knownRegions = (
				en,
				Base,
			);
			mainGroup = C4F707612EF0B65700AA5C45;
			minimizedProjectReferenceProxies = 1;
			preferredProjectObjectVersion = 77;
			productRefGroup = C4F7076B2EF0B65700AA5C45 /* Products */;
			projectDirPath = "";
			projectReferences = (
				{
					ProductGroup = C47FD4502EF8E4350034109C /* Products */;
					ProjectRef = C47FD4412EF8E4350034109C /* ainotebook.xcodeproj */;
				},
				{
					ProductGroup = C46664BB2F0200F200ADD22F /* Products */;
					ProjectRef = C46664A92F0200F200ADD22F /* ainotebook.xcodeproj */;
				},
				{
					ProductGroup = C47FD81B2EFBA9630034109C /* Products */;
					ProjectRef = C47FD8092EFBA9630034109C /* ainotebook.xcodeproj */;
				},
				{
					ProductGroup = C47FD3C72EF0F44B0034109C /* Products */;
					ProjectRef = C47FD3BF2EF0F44B0034109C /* ainotebook.xcodeproj */;
				},
			);
			projectRoot = "";
			targets = (
				C4F707692EF0B65700AA5C45 /* ainotebook */,
				C4F707762EF0B65900AA5C45 /* ainotebookTests */,
				C4F707802EF0B65900AA5C45 /* ainotebookUITests */,
			);
		};
/* End PBXProject section */

/* Begin PBXResourcesBuildPhase section */
		C4F707682EF0B65700AA5C45 /* Resources */ = {
			isa = PBXResourcesBuildPhase;
			buildActionMask = 2147483647;
			files = (
			);
			runOnlyForDeploymentPostprocessing = 0;
		};
		C4F707752EF0B65900AA5C45 /* Resources */ = {
			isa = PBXResourcesBuildPhase;
			buildActionMask = 2147483647;
			files = (
			);
			runOnlyForDeploymentPostprocessing = 0;
		};
		C4F7077F2EF0B65900AA5C45 /* Resources */ = {
			isa = PBXResourcesBuildPhase;
			buildActionMask = 2147483647;
			files = (
			);
			runOnlyForDeploymentPostprocessing = 0;
		};
/* End PBXResourcesBuildPhase section */

/* Begin PBXSourcesBuildPhase section */
		C4F707662EF0B65700AA5C45 /* Sources */ = {
			isa = PBXSourcesBuildPhase;
			buildActionMask = 2147483647;
			files = (
			);
			runOnlyForDeploymentPostprocessing = 0;
		};
		C4F707732EF0B65900AA5C45 /* Sources */ = {
			isa = PBXSourcesBuildPhase;
			buildActionMask = 2147483647;
			files = (
			);
			runOnlyForDeploymentPostprocessing = 0;
		};
		C4F7077D2EF0B65900AA5C45 /* Sources */ = {
			isa = PBXSourcesBuildPhase;
			buildActionMask = 2147483647;
			files = (
			);
			runOnlyForDeploymentPostprocessing = 0;
		};
/* End PBXSourcesBuildPhase section */

/* Begin PBXTargetDependency section */
		C4F707792EF0B65900AA5C45 /* PBXTargetDependency */ = {
			isa = PBXTargetDependency;
			target = C4F707692EF0B65700AA5C45 /* ainotebook */;
			targetProxy = C4F707782EF0B65900AA5C45 /* PBXContainerItemProxy */;
		};
		C4F707832EF0B65900AA5C45 /* PBXTargetDependency */ = {
			isa = PBXTargetDependency;
			target = C4F707692EF0B65700AA5C45 /* ainotebook */;
			targetProxy = C4F707822EF0B65900AA5C45 /* PBXContainerItemProxy */;
		};
/* End PBXTargetDependency section */

/* Begin XCBuildConfiguration section */
		C4F707892EF0B65900AA5C45 /* Debug */ = {
			isa = XCBuildConfiguration;
			buildSettings = {
				ALWAYS_SEARCH_USER_PATHS = NO;
				ASSETCATALOG_COMPILER_GENERATE_SWIFT_ASSET_SYMBOL_EXTENSIONS = YES;
				CLANG_ANALYZER_NONNULL = YES;
				CLANG_ANALYZER_NUMBER_OBJECT_CONVERSION = YES_AGGRESSIVE;
				CLANG_CXX_LANGUAGE_STANDARD = "gnu++20";
				CLANG_ENABLE_MODULES = YES;
				CLANG_ENABLE_OBJC_ARC = YES;
				CLANG_ENABLE_OBJC_WEAK = YES;
				CLANG_WARN_BLOCK_CAPTURE_AUTORELEASING = YES;
				CLANG_WARN_BOOL_CONVERSION = YES;
				CLANG_WARN_COMMA = YES;
				CLANG_WARN_CONSTANT_CONVERSION = YES;
				CLANG_WARN_DEPRECATED_OBJC_IMPLEMENTATIONS = YES;
				CLANG_WARN_DIRECT_OBJC_ISA_USAGE = YES_ERROR;
				CLANG_WARN_DOCUMENTATION_COMMENTS = YES;
				CLANG_WARN_EMPTY_BODY = YES;
				CLANG_WARN_ENUM_CONVERSION = YES;
				CLANG_WARN_INFINITE_RECURSION = YES;
				CLANG_WARN_INT_CONVERSION = YES;
				CLANG_WARN_NON_LITERAL_NULL_CONVERSION = YES;
				CLANG_WARN_OBJC_IMPLICIT_RETAIN_SELF = YES;
				CLANG_WARN_OBJC_LITERAL_CONVERSION = YES;
				CLANG_WARN_OBJC_ROOT_CLASS = YES_ERROR;
				CLANG_WARN_QUOTED_INCLUDE_IN_FRAMEWORK_HEADER = YES;
				CLANG_WARN_RANGE_LOOP_ANALYSIS = YES;
				CLANG_WARN_STRICT_PROTOTYPES = YES;
				CLANG_WARN_SUSPICIOUS_MOVE = YES;
				CLANG_WARN_UNGUARDED_AVAILABILITY = YES_AGGRESSIVE;
				CLANG_WARN_UNREACHABLE_CODE = YES;
				CLANG_WARN__DUPLICATE_METHOD_MATCH = YES;
				COPY_PHASE_STRIP = NO;
				DEBUG_INFORMATION_FORMAT = dwarf;
				ENABLE_STRICT_OBJC_MSGSEND = YES;
				ENABLE_TESTABILITY = YES;
				ENABLE_USER_SCRIPT_SANDBOXING = YES;
				GCC_C_LANGUAGE_STANDARD = gnu17;
				GCC_DYNAMIC_NO_PIC = NO;
				GCC_NO_COMMON_BLOCKS = YES;
				GCC_OPTIMIZATION_LEVEL = 0;
				GCC_PREPROCESSOR_DEFINITIONS = (
					"DEBUG=1",
					"$(inherited)",
				);
				GCC_WARN_64_TO_32_BIT_CONVERSION = YES;
				GCC_WARN_ABOUT_RETURN_TYPE = YES_ERROR;
				GCC_WARN_UNDECLARED_SELECTOR = YES;
				GCC_WARN_UNINITIALIZED_AUTOS = YES_AGGRESSIVE;
				GCC_WARN_UNUSED_FUNCTION = YES;
				GCC_WARN_UNUSED_VARIABLE = YES;
				IPHONEOS_DEPLOYMENT_TARGET = 18.5;
				LOCALIZATION_PREFERS_STRING_CATALOGS = YES;
				MTL_ENABLE_DEBUG_INFO = INCLUDE_SOURCE;
				MTL_FAST_MATH = YES;
				ONLY_ACTIVE_ARCH = YES;
				SDKROOT = iphoneos;
				SWIFT_ACTIVE_COMPILATION_CONDITIONS = "DEBUG $(inherited)";
				SWIFT_OPTIMIZATION_LEVEL = "-Onone";
			};
			name = Debug;
		};
		C4F7078A2EF0B65900AA5C45 /* Release */ = {
			isa = XCBuildConfiguration;
			buildSettings = {
				ALWAYS_SEARCH_USER_PATHS = NO;
				ASSETCATALOG_COMPILER_GENERATE_SWIFT_ASSET_SYMBOL_EXTENSIONS = YES;
				CLANG_ANALYZER_NONNULL = YES;
				CLANG_ANALYZER_NUMBER_OBJECT_CONVERSION = YES_AGGRESSIVE;
				CLANG_CXX_LANGUAGE_STANDARD = "gnu++20";
				CLANG_ENABLE_MODULES = YES;
				CLANG_ENABLE_OBJC_ARC = YES;
				CLANG_ENABLE_OBJC_WEAK = YES;
				CLANG_WARN_BLOCK_CAPTURE_AUTORELEASING = YES;
				CLANG_WARN_BOOL_CONVERSION = YES;
				CLANG_WARN_COMMA = YES;
				CLANG_WARN_CONSTANT_CONVERSION = YES;
				CLANG_WARN_DEPRECATED_OBJC_IMPLEMENTATIONS = YES;
				CLANG_WARN_DIRECT_OBJC_ISA_USAGE = YES_ERROR;
				CLANG_WARN_DOCUMENTATION_COMMENTS = YES;
				CLANG_WARN_EMPTY_BODY = YES;
				CLANG_WARN_ENUM_CONVERSION = YES;
				CLANG_WARN_INFINITE_RECURSION = YES;
				CLANG_WARN_INT_CONVERSION = YES;
				CLANG_WARN_NON_LITERAL_NULL_CONVERSION = YES;
				CLANG_WARN_OBJC_IMPLICIT_RETAIN_SELF = YES;
				CLANG_WARN_OBJC_LITERAL_CONVERSION = YES;
				CLANG_WARN_OBJC_ROOT_CLASS = YES_ERROR;
				CLANG_WARN_QUOTED_INCLUDE_IN_FRAMEWORK_HEADER = YES;
				CLANG_WARN_RANGE_LOOP_ANALYSIS = YES;
				CLANG_WARN_STRICT_PROTOTYPES = YES;
				CLANG_WARN_SUSPICIOUS_MOVE = YES;
				CLANG_WARN_UNGUARDED_AVAILABILITY = YES_AGGRESSIVE;
				CLANG_WARN_UNREACHABLE_CODE = YES;
				CLANG_WARN__DUPLICATE_METHOD_MATCH = YES;
				COPY_PHASE_STRIP = NO;
				DEBUG_INFORMATION_FORMAT = "dwarf-with-dsym";
				ENABLE_NS_ASSERTIONS = NO;
				ENABLE_STRICT_OBJC_MSGSEND = YES;
				ENABLE_USER_SCRIPT_SANDBOXING = YES;
				GCC_C_LANGUAGE_STANDARD = gnu17;
				GCC_NO_COMMON_BLOCKS = YES;
				GCC_WARN_64_TO_32_BIT_CONVERSION = YES;
				GCC_WARN_ABOUT_RETURN_TYPE = YES_ERROR;
				GCC_WARN_UNDECLARED_SELECTOR = YES;
				GCC_WARN_UNINITIALIZED_AUTOS = YES_AGGRESSIVE;
				GCC_WARN_UNUSED_FUNCTION = YES;
				GCC_WARN_UNUSED_VARIABLE = YES;
				IPHONEOS_DEPLOYMENT_TARGET = 18.5;
				LOCALIZATION_PREFERS_STRING_CATALOGS = YES;
				MTL_ENABLE_DEBUG_INFO = NO;
				MTL_FAST_MATH = YES;
				SDKROOT = iphoneos;
				SWIFT_COMPILATION_MODE = wholemodule;
				VALIDATE_PRODUCT = YES;
			};
			name = Release;
		};
		C4F7078C2EF0B65900AA5C45 /* Debug */ = {
			isa = XCBuildConfiguration;
			buildSettings = {
				ASSETCATALOG_COMPILER_APPICON_NAME = AppIcon;
				ASSETCATALOG_COMPILER_GLOBAL_ACCENT_COLOR_NAME = AccentColor;
				CODE_SIGN_STYLE = Automatic;
				CURRENT_PROJECT_VERSION = 1;
				DEVELOPMENT_TEAM = 9G8RQX8VS9;
				ENABLE_PREVIEWS = YES;
				GENERATE_INFOPLIST_FILE = YES;
				INFOPLIST_KEY_UIApplicationSceneManifest_Generation = YES;
				INFOPLIST_KEY_UIApplicationSupportsIndirectInputEvents = YES;
				INFOPLIST_KEY_UILaunchScreen_Generation = YES;
				INFOPLIST_KEY_UISupportedInterfaceOrientations_iPad = "UIInterfaceOrientationPortrait UIInterfaceOrientationPortraitUpsideDown UIInterfaceOrientationLandscapeLeft UIInterfaceOrientationLandscapeRight";
				INFOPLIST_KEY_UISupportedInterfaceOrientations_iPhone = "UIInterfaceOrientationPortrait UIInterfaceOrientationLandscapeLeft UIInterfaceOrientationLandscapeRight";
				LD_RUNPATH_SEARCH_PATHS = (
					"$(inherited)",
					"@executable_path/Frameworks",
				);
				MARKETING_VERSION = 1.0;
				PRODUCT_BUNDLE_IDENTIFIER = noor.ainotebook;
				PRODUCT_NAME = "$(TARGET_NAME)";
				SWIFT_EMIT_LOC_STRINGS = YES;
				SWIFT_VERSION = 5.0;
				TARGETED_DEVICE_FAMILY = "1,2";
			};
			name = Debug;
		};
		C4F7078D2EF0B65900AA5C45 /* Release */ = {
			isa = XCBuildConfiguration;
			buildSettings = {
				ASSETCATALOG_COMPILER_APPICON_NAME = AppIcon;
				ASSETCATALOG_COMPILER_GLOBAL_ACCENT_COLOR_NAME = AccentColor;
				CODE_SIGN_STYLE = Automatic;
				CURRENT_PROJECT_VERSION = 1;
				DEVELOPMENT_TEAM = 9G8RQX8VS9;
				ENABLE_PREVIEWS = YES;
				GENERATE_INFOPLIST_FILE = YES;
				INFOPLIST_KEY_UIApplicationSceneManifest_Generation = YES;
				INFOPLIST_KEY_UIApplicationSupportsIndirectInputEvents = YES;
				INFOPLIST_KEY_UILaunchScreen_Generation = YES;
				INFOPLIST_KEY_UISupportedInterfaceOrientations_iPad = "UIInterfaceOrientationPortrait UIInterfaceOrientationPortraitUpsideDown UIInterfaceOrientationLandscapeLeft UIInterfaceOrientationLandscapeRight";
				INFOPLIST_KEY_UISupportedInterfaceOrientations_iPhone = "UIInterfaceOrientationPortrait UIInterfaceOrientationLandscapeLeft UIInterfaceOrientationLandscapeRight";
				LD_RUNPATH_SEARCH_PATHS = (
					"$(inherited)",
					"@executable_path/Frameworks",
				);
				MARKETING_VERSION = 1.0;
				PRODUCT_BUNDLE_IDENTIFIER = noor.ainotebook;
				PRODUCT_NAME = "$(TARGET_NAME)";
				SWIFT_EMIT_LOC_STRINGS = YES;
				SWIFT_VERSION = 5.0;
				TARGETED_DEVICE_FAMILY = "1,2";
			};
			name = Release;
		};
		C4F7078F2EF0B65900AA5C45 /* Debug */ = {
			isa = XCBuildConfiguration;
			buildSettings = {
				BUNDLE_LOADER = "$(TEST_HOST)";
				CODE_SIGN_STYLE = Automatic;
				CURRENT_PROJECT_VERSION = 1;
				GENERATE_INFOPLIST_FILE = YES;
				IPHONEOS_DEPLOYMENT_TARGET = 18.5;
				MARKETING_VERSION = 1.0;
				PRODUCT_BUNDLE_IDENTIFIER = noor.ainotebookTests;
				PRODUCT_NAME = "$(TARGET_NAME)";
				SWIFT_EMIT_LOC_STRINGS = NO;
				SWIFT_VERSION = 5.0;
				TARGETED_DEVICE_FAMILY = "1,2";
				TEST_HOST = "$(BUILT_PRODUCTS_DIR)/ainotebook.app/$(BUNDLE_EXECUTABLE_FOLDER_PATH)/ainotebook";
			};
			name = Debug;
		};
		C4F707902EF0B65900AA5C45 /* Release */ = {
			isa = XCBuildConfiguration;
			buildSettings = {
				BUNDLE_LOADER = "$(TEST_HOST)";
				CODE_SIGN_STYLE = Automatic;
				CURRENT_PROJECT_VERSION = 1;
				GENERATE_INFOPLIST_FILE = YES;
				IPHONEOS_DEPLOYMENT_TARGET = 18.5;
				MARKETING_VERSION = 1.0;
				PRODUCT_BUNDLE_IDENTIFIER = noor.ainotebookTests;
				PRODUCT_NAME = "$(TARGET_NAME)";
				SWIFT_EMIT_LOC_STRINGS = NO;
				SWIFT_VERSION = 5.0;
				TARGETED_DEVICE_FAMILY = "1,2";
				TEST_HOST = "$(BUILT_PRODUCTS_DIR)/ainotebook.app/$(BUNDLE_EXECUTABLE_FOLDER_PATH)/ainotebook";
			};
			name = Release;
		};
		C4F707922EF0B65900AA5C45 /* Debug */ = {
			isa = XCBuildConfiguration;
			buildSettings = {
				CODE_SIGN_STYLE = Automatic;
				CURRENT_PROJECT_VERSION = 1;
				GENERATE_INFOPLIST_FILE = YES;
				MARKETING_VERSION = 1.0;
				PRODUCT_BUNDLE_IDENTIFIER = noor.ainotebookUITests;
				PRODUCT_NAME = "$(TARGET_NAME)";
				SWIFT_EMIT_LOC_STRINGS = NO;
				SWIFT_VERSION = 5.0;
				TARGETED_DEVICE_FAMILY = "1,2";
				TEST_TARGET_NAME = ainotebook;
			};
			name = Debug;
		};
		C4F707932EF0B65900AA5C45 /* Release */ = {
			isa = XCBuildConfiguration;
			buildSettings = {
				CODE_SIGN_STYLE = Automatic;
				CURRENT_PROJECT_VERSION = 1;
				GENERATE_INFOPLIST_FILE = YES;
				MARKETING_VERSION = 1.0;
				PRODUCT_BUNDLE_IDENTIFIER = noor.ainotebookUITests;
				PRODUCT_NAME = "$(TARGET_NAME)";
				SWIFT_EMIT_LOC_STRINGS = NO;
				SWIFT_VERSION = 5.0;
				TARGETED_DEVICE_FAMILY = "1,2";
				TEST_TARGET_NAME = ainotebook;
			};
			name = Release;
		};
/* End XCBuildConfiguration section */

/* Begin XCConfigurationList section */
		C4F707652EF0B65700AA5C45 /* Build configuration list for PBXProject "ainotebook" */ = {
			isa = XCConfigurationList;
			buildConfigurations = (
				C4F707892EF0B65900AA5C45 /* Debug */,
				C4F7078A2EF0B65900AA5C45 /* Release */,
			);
			defaultConfigurationIsVisible = 0;
			defaultConfigurationName = Release;
		};
		C4F7078B2EF0B65900AA5C45 /* Build configuration list for PBXNativeTarget "ainotebook" */ = {
			isa = XCConfigurationList;
			buildConfigurations = (
				C4F7078C2EF0B65900AA5C45 /* Debug */,
				C4F7078D2EF0B65900AA5C45 /* Release */,
			);
			defaultConfigurationIsVisible = 0;
			defaultConfigurationName = Release;
		};
		C4F7078E2EF0B65900AA5C45 /* Build configuration list for PBXNativeTarget "ainotebookTests" */ = {
			isa = XCConfigurationList;
			buildConfigurations = (
				C4F7078F2EF0B65900AA5C45 /* Debug */,
				C4F707902EF0B65900AA5C45 /* Release */,
			);
			defaultConfigurationIsVisible = 0;
			defaultConfigurationName = Release;
		};
		C4F707912EF0B65900AA5C45 /* Build configuration list for PBXNativeTarget "ainotebookUITests" */ = {
			isa = XCConfigurationList;
			buildConfigurations = (
				C4F707922EF0B65900AA5C45 /* Debug */,
				C4F707932EF0B65900AA5C45 /* Release */,
			);
			defaultConfigurationIsVisible = 0;
			defaultConfigurationName = Release;
		};
/* End XCConfigurationList section */
	};
	rootObject = C4F707622EF0B65700AA5C45 /* Project object */;
}
